
Microsoft Visual Studio Solution File, Format Version 12.00
# Visual Studio Version 17
VisualStudioVersion = 17.2.32630.192
MinimumVisualStudioVersion = 10.0.40219.1
Project("{9A19103F-16F7-4668-BE54-9A1E7A4F7556}") = "NexerAssignment", "NexerAssignment\NexerAssignment.csproj", "{F9BA375A-6EEA-44A2-9811-E7BED01464F7}"
EndProject
Project("{9A19103F-16F7-4668-BE54-9A1E7A4F7556}") = "Application", "Application\Application.csproj", "{06679638-1321-4602-A98A-923AA0AFD060}"
EndProject
Project("{9A19103F-16F7-4668-BE54-9A1E7A4F7556}") = "Domain", "Domain\Domain.csproj", "{E8CC7A25-285B-4DA2-932E-F93321191D4A}"
EndProject
Project("{9A19103F-16F7-4668-BE54-9A1E7A4F7556}") = "Persistence", "Persistence\Persistence.csproj", "{1265E5CA-87C8-4282-94C5-8BE5A01FC392}"
EndProject
Project("{FAE04EC0-301F-11D3-BF4B-00C04F79EFBC}") = "NexerTest", "NexerTest\NexerTest.csproj", "{7F54F084-F3E5-4562-B576-3E134F2F81D6}"
EndProject
Global
	GlobalSection(SolutionConfigurationPlatforms) = preSolution
		Debug|Any CPU = Debug|Any CPU
		Release|Any CPU = Release|Any CPU
	EndGlobalSection
	GlobalSection(ProjectConfigurationPlatforms) = postSolution
		{F9BA375A-6EEA-44A2-9811-E7BED01464F7}.Debug|Any CPU.ActiveCfg = Debug|Any CPU
		{F9BA375A-6EEA-44A2-9811-E7BED01464F7}.Debug|Any CPU.Build.0 = Debug|Any CPU
		{F9BA375A-6EEA-44A2-9811-E7BED01464F7}.Release|Any CPU.ActiveCfg = Release|Any CPU
		{F9BA375A-6EEA-44A2-9811-E7BED01464F7}.Release|Any CPU.Build.0 = Release|Any CPU
		{06679638-1321-4602-A98A-923AA0AFD060}.Debug|Any CPU.ActiveCfg = Debug|Any CPU
		{06679638-1321-4602-A98A-923AA0AFD060}.Debug|Any CPU.Build.0 = Debug|Any CPU
		{06679638-1321-4602-A98A-923AA0AFD060}.Release|Any CPU.ActiveCfg = Release|Any CPU
		{06679638-1321-4602-A98A-923AA0AFD060}.Release|Any CPU.Build.0 = Release|Any CPU
		{E8CC7A25-285B-4DA2-932E-F93321191D4A}.Debug|Any CPU.ActiveCfg = Debug|Any CPU
		{E8CC7A25-285B-4DA2-932E-F93321191D4A}.Debug|Any CPU.Build.0 = Debug|Any CPU
		{E8CC7A25-285B-4DA2-932E-F93321191D4A}.Release|Any CPU.ActiveCfg = Release|Any CPU
		{E8CC7A25-285B-4DA2-932E-F93321191D4A}.Release|Any CPU.Build.0 = Release|Any CPU
		{1265E5CA-87C8-4282-94C5-8BE5A01FC392}.Debug|Any CPU.ActiveCfg = Debug|Any CPU
		{1265E5CA-87C8-4282-94C5-8BE5A01FC392}.Debug|Any CPU.Build.0 = Debug|Any CPU
		{1265E5CA-87C8-4282-94C5-8BE5A01FC392}.Release|Any CPU.ActiveCfg = Release|Any CPU
		{1265E5CA-87C8-4282-94C5-8BE5A01FC392}.Release|Any CPU.Build.0 = Release|Any CPU
		{7F54F084-F3E5-4562-B576-3E134F2F81D6}.Debug|Any CPU.ActiveCfg = Debug|Any CPU
		{7F54F084-F3E5-4562-B576-3E134F2F81D6}.Debug|Any CPU.Build.0 = Debug|Any CPU
		{7F54F084-F3E5-4562-B576-3E134F2F81D6}.Release|Any CPU.ActiveCfg = Release|Any CPU
		{7F54F084-F3E5-4562-B576-3E134F2F81D6}.Release|Any CPU.Build.0 = Release|Any CPU
	EndGlobalSection
	GlobalSection(SolutionProperties) = preSolution
		HideSolutionNode = FALSE
	EndGlobalSection
	GlobalSection(ExtensibilityGlobals) = postSolution
		SolutionGuid = {C9B4F154-1B21-4424-B85A-ED1388737FC2}
	EndGlobalSection
EndGlobal
